// !$*UTF8*$!
{
	archiveVersion = 1;
	classes = {
	};
	objectVersion = 56;
	objects = {

/* Begin PBXBuildFile section */
		B611C7902BFDB45E00478D14 /* ChatMessageCell.swift in Sources */ = {isa = PBXBuildFile; fileRef = B611C78F2BFDB45E00478D14 /* ChatMessageCell.swift */; };
		B611C7922BFDDCEA00478D14 /* ChatBubble.swift in Sources */ = {isa = PBXBuildFile; fileRef = B611C7912BFDDCEA00478D14 /* ChatBubble.swift */; };
		B611C7952BFE00C100478D14 /* Date.swift in Sources */ = {isa = PBXBuildFile; fileRef = B611C7942BFE00C100478D14 /* Date.swift */; };
		B611C7972BFE04EB00478D14 /* Message.swift in Sources */ = {isa = PBXBuildFile; fileRef = B611C7962BFE04EB00478D14 /* Message.swift */; };
		B68FFDA72BF902C4008E9B0B /* ChatAppSwiftUIApp.swift in Sources */ = {isa = PBXBuildFile; fileRef = B68FFDA62BF902C4008E9B0B /* ChatAppSwiftUIApp.swift */; };
		B68FFDA92BF902C4008E9B0B /* ContentView.swift in Sources */ = {isa = PBXBuildFile; fileRef = B68FFDA82BF902C4008E9B0B /* ContentView.swift */; };
		B68FFDAB2BF902C6008E9B0B /* Assets.xcassets in Resources */ = {isa = PBXBuildFile; fileRef = B68FFDAA2BF902C6008E9B0B /* Assets.xcassets */; };
		B68FFDAE2BF902C6008E9B0B /* Preview Assets.xcassets in Resources */ = {isa = PBXBuildFile; fileRef = B68FFDAD2BF902C6008E9B0B /* Preview Assets.xcassets */; };
		B68FFDC52BF9086E008E9B0B /* MainTabBarView.swift in Sources */ = {isa = PBXBuildFile; fileRef = B68FFDC42BF9086E008E9B0B /* MainTabBarView.swift */; };
		B68FFDC82BF99E96008E9B0B /* InboxView.swift in Sources */ = {isa = PBXBuildFile; fileRef = B68FFDC72BF99E96008E9B0B /* InboxView.swift */; };
		B68FFDCB2BF9A87D008E9B0B /* NavigationBarColorModifier.swift in Sources */ = {isa = PBXBuildFile; fileRef = B68FFDCA2BF9A87D008E9B0B /* NavigationBarColorModifier.swift */; };
		B68FFDCD2BF9AABF008E9B0B /* InboxRowView.swift in Sources */ = {isa = PBXBuildFile; fileRef = B68FFDCC2BF9AABF008E9B0B /* InboxRowView.swift */; };
		B68FFDD02BF9D670008E9B0B /* CircularProfileImageView.swift in Sources */ = {isa = PBXBuildFile; fileRef = B68FFDCF2BF9D670008E9B0B /* CircularProfileImageView.swift */; };
		B68FFDD22BFA5CA8008E9B0B /* User.swift in Sources */ = {isa = PBXBuildFile; fileRef = B68FFDD12BFA5CA8008E9B0B /* User.swift */; };
		B68FFDD52BFB4D1A008E9B0B /* NewMessageView.swift in Sources */ = {isa = PBXBuildFile; fileRef = B68FFDD42BFB4D1A008E9B0B /* NewMessageView.swift */; };
		B68FFDD82BFB4D43008E9B0B /* InboxViewModel.swift in Sources */ = {isa = PBXBuildFile; fileRef = B68FFDD72BFB4D43008E9B0B /* InboxViewModel.swift */; };
		B68FFDDA2BFB9448008E9B0B /* ContactView.swift in Sources */ = {isa = PBXBuildFile; fileRef = B68FFDD92BFB9448008E9B0B /* ContactView.swift */; };
		B68FFDDE2BFB9B36008E9B0B /* ChatView.swift in Sources */ = {isa = PBXBuildFile; fileRef = B68FFDDD2BFB9B36008E9B0B /* ChatView.swift */; };
		B68FFDE02BFB9FF3008E9B0B /* ChatViewModel.swift in Sources */ = {isa = PBXBuildFile; fileRef = B68FFDDF2BFB9FF3008E9B0B /* ChatViewModel.swift */; };
		B6CBDCB22BFE3132005F3F80 /* ProfileView.swift in Sources */ = {isa = PBXBuildFile; fileRef = B6CBDCB12BFE3132005F3F80 /* ProfileView.swift */; };
		B6CBDCB52BFE4460005F3F80 /* ProfileViewModel.swift in Sources */ = {isa = PBXBuildFile; fileRef = B6CBDCB42BFE4460005F3F80 /* ProfileViewModel.swift */; };
/* End PBXBuildFile section */

/* Begin PBXFileReference section */
		B611C78F2BFDB45E00478D14 /* ChatMessageCell.swift */ = {isa = PBXFileReference; lastKnownFileType = sourcecode.swift; path = ChatMessageCell.swift; sourceTree = "<group>"; };
		B611C7912BFDDCEA00478D14 /* ChatBubble.swift */ = {isa = PBXFileReference; lastKnownFileType = sourcecode.swift; path = ChatBubble.swift; sourceTree = "<group>"; };
		B611C7942BFE00C100478D14 /* Date.swift */ = {isa = PBXFileReference; lastKnownFileType = sourcecode.swift; path = Date.swift; sourceTree = "<group>"; };
		B611C7962BFE04EB00478D14 /* Message.swift */ = {isa = PBXFileReference; lastKnownFileType = sourcecode.swift; path = Message.swift; sourceTree = "<group>"; };
		B68FFDA32BF902C4008E9B0B /* ChatAppSwiftUI.app */ = {isa = PBXFileReference; explicitFileType = wrapper.application; includeInIndex = 0; path = ChatAppSwiftUI.app; sourceTree = BUILT_PRODUCTS_DIR; };
		B68FFDA62BF902C4008E9B0B /* ChatAppSwiftUIApp.swift */ = {isa = PBXFileReference; lastKnownFileType = sourcecode.swift; path = ChatAppSwiftUIApp.swift; sourceTree = "<group>"; };
		B68FFDA82BF902C4008E9B0B /* ContentView.swift */ = {isa = PBXFileReference; lastKnownFileType = sourcecode.swift; path = ContentView.swift; sourceTree = "<group>"; };
		B68FFDAA2BF902C6008E9B0B /* Assets.xcassets */ = {isa = PBXFileReference; lastKnownFileType = folder.assetcatalog; path = Assets.xcassets; sourceTree = "<group>"; };
		B68FFDAD2BF902C6008E9B0B /* Preview Assets.xcassets */ = {isa = PBXFileReference; lastKnownFileType = folder.assetcatalog; path = "Preview Assets.xcassets"; sourceTree = "<group>"; };
		B68FFDC42BF9086E008E9B0B /* MainTabBarView.swift */ = {isa = PBXFileReference; lastKnownFileType = sourcecode.swift; path = MainTabBarView.swift; sourceTree = "<group>"; };
		B68FFDC72BF99E96008E9B0B /* InboxView.swift */ = {isa = PBXFileReference; lastKnownFileType = sourcecode.swift; path = InboxView.swift; sourceTree = "<group>"; };
		B68FFDCA2BF9A87D008E9B0B /* NavigationBarColorModifier.swift */ = {isa = PBXFileReference; lastKnownFileType = sourcecode.swift; path = NavigationBarColorModifier.swift; sourceTree = "<group>"; };
		B68FFDCC2BF9AABF008E9B0B /* InboxRowView.swift */ = {isa = PBXFileReference; lastKnownFileType = sourcecode.swift; path = InboxRowView.swift; sourceTree = "<group>"; };
		B68FFDCF2BF9D670008E9B0B /* CircularProfileImageView.swift */ = {isa = PBXFileReference; lastKnownFileType = sourcecode.swift; path = CircularProfileImageView.swift; sourceTree = "<group>"; };
		B68FFDD12BFA5CA8008E9B0B /* User.swift */ = {isa = PBXFileReference; lastKnownFileType = sourcecode.swift; path = User.swift; sourceTree = "<group>"; };
		B68FFDD42BFB4D1A008E9B0B /* NewMessageView.swift */ = {isa = PBXFileReference; lastKnownFileType = sourcecode.swift; path = NewMessageView.swift; sourceTree = "<group>"; };
		B68FFDD72BFB4D43008E9B0B /* InboxViewModel.swift */ = {isa = PBXFileReference; lastKnownFileType = sourcecode.swift; path = InboxViewModel.swift; sourceTree = "<group>"; };
		B68FFDD92BFB9448008E9B0B /* ContactView.swift */ = {isa = PBXFileReference; lastKnownFileType = sourcecode.swift; path = ContactView.swift; sourceTree = "<group>"; };
		B68FFDDD2BFB9B36008E9B0B /* ChatView.swift */ = {isa = PBXFileReference; lastKnownFileType = sourcecode.swift; path = ChatView.swift; sourceTree = "<group>"; };
		B68FFDDF2BFB9FF3008E9B0B /* ChatViewModel.swift */ = {isa = PBXFileReference; lastKnownFileType = sourcecode.swift; path = ChatViewModel.swift; sourceTree = "<group>"; };
		B6CBDCB12BFE3132005F3F80 /* ProfileView.swift */ = {isa = PBXFileReference; lastKnownFileType = sourcecode.swift; path = ProfileView.swift; sourceTree = "<group>"; };
		B6CBDCB42BFE4460005F3F80 /* ProfileViewModel.swift */ = {isa = PBXFileReference; lastKnownFileType = sourcecode.swift; path = ProfileViewModel.swift; sourceTree = "<group>"; };
/* End PBXFileReference section */

/* Begin PBXFrameworksBuildPhase section */
		B68FFDA02BF902C4008E9B0B /* Frameworks */ = {
			isa = PBXFrameworksBuildPhase;
			buildActionMask = 2147483647;
			files = (
			);
			runOnlyForDeploymentPostprocessing = 0;
		};
/* End PBXFrameworksBuildPhase section */

/* Begin PBXGroup section */
		B611C7932BFE00A200478D14 /* Extensions */ = {
			isa = PBXGroup;
			children = (
				B611C7942BFE00C100478D14 /* Date.swift */,
			);
			path = Extensions;
			sourceTree = "<group>";
		};
		B68FFD9A2BF902C4008E9B0B = {
			isa = PBXGroup;
			children = (
				B68FFDA52BF902C4008E9B0B /* ChatAppSwiftUI */,
				B68FFDA42BF902C4008E9B0B /* Products */,
			);
			sourceTree = "<group>";
		};
		B68FFDA42BF902C4008E9B0B /* Products */ = {
			isa = PBXGroup;
			children = (
				B68FFDA32BF902C4008E9B0B /* ChatAppSwiftUI.app */,
			);
			name = Products;
			sourceTree = "<group>";
		};
		B68FFDA52BF902C4008E9B0B /* ChatAppSwiftUI */ = {
			isa = PBXGroup;
			children = (
				B68FFDB82BF9065E008E9B0B /* Utils */,
				B68FFDB72BF90651008E9B0B /* Service */,
				B68FFDB62BF90647008E9B0B /* Model */,
				B68FFDB52BF9063D008E9B0B /* Core */,
				B68FFDB42BF90630008E9B0B /* App */,
				B68FFDA62BF902C4008E9B0B /* ChatAppSwiftUIApp.swift */,
				B68FFDA82BF902C4008E9B0B /* ContentView.swift */,
				B68FFDAA2BF902C6008E9B0B /* Assets.xcassets */,
				B68FFDAC2BF902C6008E9B0B /* Preview Content */,
			);
			path = ChatAppSwiftUI;
			sourceTree = "<group>";
		};
		B68FFDAC2BF902C6008E9B0B /* Preview Content */ = {
			isa = PBXGroup;
			children = (
				B68FFDAD2BF902C6008E9B0B /* Preview Assets.xcassets */,
			);
			path = "Preview Content";
			sourceTree = "<group>";
		};
		B68FFDB42BF90630008E9B0B /* App */ = {
			isa = PBXGroup;
			children = (
			);
			path = App;
			sourceTree = "<group>";
		};
		B68FFDB52BF9063D008E9B0B /* Core */ = {
			isa = PBXGroup;
			children = (
				B68FFDC12BF906D0008E9B0B /* TabBar */,
				B68FFDC02BF906CA008E9B0B /* Settings */,
				B68FFDBF2BF906BF008E9B0B /* Root */,
				B68FFDBE2BF906B4008E9B0B /* Profile */,
				B68FFDBD2BF906A5008E9B0B /* NewMessage */,
				B68FFDBC2BF90697008E9B0B /* Inbox */,
				B68FFDBB2BF9068E008E9B0B /* Chat */,
				B68FFDBA2BF9067D008E9B0B /* Components */,
				B68FFDB92BF90671008E9B0B /* Authentication */,
			);
			path = Core;
			sourceTree = "<group>";
		};
		B68FFDB62BF90647008E9B0B /* Model */ = {
			isa = PBXGroup;
			children = (
				B68FFDD12BFA5CA8008E9B0B /* User.swift */,
				B611C7962BFE04EB00478D14 /* Message.swift */,
			);
			path = Model;
			sourceTree = "<group>";
		};
		B68FFDB72BF90651008E9B0B /* Service */ = {
			isa = PBXGroup;
			children = (
			);
			path = Service;
			sourceTree = "<group>";
		};
		B68FFDB82BF9065E008E9B0B /* Utils */ = {
			isa = PBXGroup;
			children = (
				B611C7932BFE00A200478D14 /* Extensions */,
				B68FFDC22BF90816008E9B0B /* Plist */,
			);
			path = Utils;
			sourceTree = "<group>";
		};
		B68FFDB92BF90671008E9B0B /* Authentication */ = {
			isa = PBXGroup;
			children = (
			);
			path = Authentication;
			sourceTree = "<group>";
		};
		B68FFDBA2BF9067D008E9B0B /* Components */ = {
			isa = PBXGroup;
			children = (
				B68FFDCE2BF9D613008E9B0B /* View */,
				B68FFDC92BF9A85D008E9B0B /* Modifiers */,
			);
			path = Components;
			sourceTree = "<group>";
		};
		B68FFDBB2BF9068E008E9B0B /* Chat */ = {
			isa = PBXGroup;
			children = (
				B68FFDDC2BFB9B18008E9B0B /* ViewModel */,
				B68FFDDB2BFB9B12008E9B0B /* View */,
			);
			path = Chat;
			sourceTree = "<group>";
		};
		B68FFDBC2BF90697008E9B0B /* Inbox */ = {
			isa = PBXGroup;
			children = (
				B68FFDD62BFB4D2C008E9B0B /* ViewModel */,
				B68FFDC62BF99E7E008E9B0B /* View */,
			);
			path = Inbox;
			sourceTree = "<group>";
		};
		B68FFDBD2BF906A5008E9B0B /* NewMessage */ = {
			isa = PBXGroup;
			children = (
				B68FFDD32BFB4CD3008E9B0B /* View */,
			);
			path = NewMessage;
			sourceTree = "<group>";
		};
		B68FFDBE2BF906B4008E9B0B /* Profile */ = {
			isa = PBXGroup;
			children = (
				B6CBDCB32BFE43E9005F3F80 /* ViewModel */,
				B6CBDCB02BFE3114005F3F80 /* View */,
			);
			path = Profile;
			sourceTree = "<group>";
		};
		B68FFDBF2BF906BF008E9B0B /* Root */ = {
			isa = PBXGroup;
			children = (
			);
			path = Root;
			sourceTree = "<group>";
		};
		B68FFDC02BF906CA008E9B0B /* Settings */ = {
			isa = PBXGroup;
			children = (
			);
			path = Settings;
			sourceTree = "<group>";
		};
		B68FFDC12BF906D0008E9B0B /* TabBar */ = {
			isa = PBXGroup;
			children = (
				B68FFDC32BF9082E008E9B0B /* View */,
			);
			path = TabBar;
			sourceTree = "<group>";
		};
		B68FFDC22BF90816008E9B0B /* Plist */ = {
			isa = PBXGroup;
			children = (
			);
			path = Plist;
			sourceTree = "<group>";
		};
		B68FFDC32BF9082E008E9B0B /* View */ = {
			isa = PBXGroup;
			children = (
				B68FFDC42BF9086E008E9B0B /* MainTabBarView.swift */,
			);
			path = View;
			sourceTree = "<group>";
		};
		B68FFDC62BF99E7E008E9B0B /* View */ = {
			isa = PBXGroup;
			children = (
				B68FFDC72BF99E96008E9B0B /* InboxView.swift */,
				B68FFDCC2BF9AABF008E9B0B /* InboxRowView.swift */,
			);
			path = View;
			sourceTree = "<group>";
		};
		B68FFDC92BF9A85D008E9B0B /* Modifiers */ = {
			isa = PBXGroup;
			children = (
				B68FFDCA2BF9A87D008E9B0B /* NavigationBarColorModifier.swift */,
			);
			path = Modifiers;
			sourceTree = "<group>";
		};
		B68FFDCE2BF9D613008E9B0B /* View */ = {
			isa = PBXGroup;
			children = (
				B68FFDCF2BF9D670008E9B0B /* CircularProfileImageView.swift */,
			);
			path = View;
			sourceTree = "<group>";
		};
		B68FFDD32BFB4CD3008E9B0B /* View */ = {
			isa = PBXGroup;
			children = (
				B68FFDD42BFB4D1A008E9B0B /* NewMessageView.swift */,
				B68FFDD92BFB9448008E9B0B /* ContactView.swift */,
			);
			path = View;
			sourceTree = "<group>";
		};
		B68FFDD62BFB4D2C008E9B0B /* ViewModel */ = {
			isa = PBXGroup;
			children = (
				B68FFDD72BFB4D43008E9B0B /* InboxViewModel.swift */,
			);
			path = ViewModel;
			sourceTree = "<group>";
		};
		B68FFDDB2BFB9B12008E9B0B /* View */ = {
			isa = PBXGroup;
			children = (
				B68FFDDD2BFB9B36008E9B0B /* ChatView.swift */,
				B611C78F2BFDB45E00478D14 /* ChatMessageCell.swift */,
				B611C7912BFDDCEA00478D14 /* ChatBubble.swift */,
			);
			path = View;
			sourceTree = "<group>";
		};
		B68FFDDC2BFB9B18008E9B0B /* ViewModel */ = {
			isa = PBXGroup;
			children = (
				B68FFDDF2BFB9FF3008E9B0B /* ChatViewModel.swift */,
			);
			path = ViewModel;
			sourceTree = "<group>";
		};
		B6CBDCB02BFE3114005F3F80 /* View */ = {
			isa = PBXGroup;
			children = (
				B6CBDCB12BFE3132005F3F80 /* ProfileView.swift */,
			);
			path = View;
			sourceTree = "<group>";
		};
		B6CBDCB32BFE43E9005F3F80 /* ViewModel */ = {
			isa = PBXGroup;
			children = (
				B6CBDCB42BFE4460005F3F80 /* ProfileViewModel.swift */,
			);
			path = ViewModel;
			sourceTree = "<group>";
		};
/* End PBXGroup section */

/* Begin PBXNativeTarget section */
		B68FFDA22BF902C4008E9B0B /* ChatAppSwiftUI */ = {
			isa = PBXNativeTarget;
			buildConfigurationList = B68FFDB12BF902C6008E9B0B /* Build configuration list for PBXNativeTarget "ChatAppSwiftUI" */;
			buildPhases = (
				B68FFD9F2BF902C4008E9B0B /* Sources */,
				B68FFDA02BF902C4008E9B0B /* Frameworks */,
				B68FFDA12BF902C4008E9B0B /* Resources */,
			);
			buildRules = (
			);
			dependencies = (
			);
			name = ChatAppSwiftUI;
			productName = ChatAppSwiftUI;
			productReference = B68FFDA32BF902C4008E9B0B /* ChatAppSwiftUI.app */;
			productType = "com.apple.product-type.application";
		};
/* End PBXNativeTarget section */

/* Begin PBXProject section */
		B68FFD9B2BF902C4008E9B0B /* Project object */ = {
			isa = PBXProject;
			attributes = {
				BuildIndependentTargetsInParallel = 1;
				LastSwiftUpdateCheck = 1530;
				LastUpgradeCheck = 1530;
				TargetAttributes = {
					B68FFDA22BF902C4008E9B0B = {
						CreatedOnToolsVersion = 15.3;
					};
				};
			};
			buildConfigurationList = B68FFD9E2BF902C4008E9B0B /* Build configuration list for PBXProject "ChatAppSwiftUI" */;
			compatibilityVersion = "Xcode 14.0";
			developmentRegion = en;
			hasScannedForEncodings = 0;
			knownRegions = (
				en,
				Base,
			);
			mainGroup = B68FFD9A2BF902C4008E9B0B;
			productRefGroup = B68FFDA42BF902C4008E9B0B /* Products */;
			projectDirPath = "";
			projectRoot = "";
			targets = (
				B68FFDA22BF902C4008E9B0B /* ChatAppSwiftUI */,
			);
		};
/* End PBXProject section */

/* Begin PBXResourcesBuildPhase section */
		B68FFDA12BF902C4008E9B0B /* Resources */ = {
			isa = PBXResourcesBuildPhase;
			buildActionMask = 2147483647;
			files = (
				B68FFDAE2BF902C6008E9B0B /* Preview Assets.xcassets in Resources */,
				B68FFDAB2BF902C6008E9B0B /* Assets.xcassets in Resources */,
			);
			runOnlyForDeploymentPostprocessing = 0;
		};
/* End PBXResourcesBuildPhase section */

/* Begin PBXSourcesBuildPhase section */
		B68FFD9F2BF902C4008E9B0B /* Sources */ = {
			isa = PBXSourcesBuildPhase;
			buildActionMask = 2147483647;
			files = (
				B68FFDE02BFB9FF3008E9B0B /* ChatViewModel.swift in Sources */,
				B6CBDCB52BFE4460005F3F80 /* ProfileViewModel.swift in Sources */,
				B611C7922BFDDCEA00478D14 /* ChatBubble.swift in Sources */,
				B68FFDD52BFB4D1A008E9B0B /* NewMessageView.swift in Sources */,
				B611C7972BFE04EB00478D14 /* Message.swift in Sources */,
				B611C7952BFE00C100478D14 /* Date.swift in Sources */,
				B68FFDDA2BFB9448008E9B0B /* ContactView.swift in Sources */,
				B68FFDD02BF9D670008E9B0B /* CircularProfileImageView.swift in Sources */,
				B68FFDCB2BF9A87D008E9B0B /* NavigationBarColorModifier.swift in Sources */,
				B611C7902BFDB45E00478D14 /* ChatMessageCell.swift in Sources */,
				B68FFDDE2BFB9B36008E9B0B /* ChatView.swift in Sources */,
				B6CBDCB22BFE3132005F3F80 /* ProfileView.swift in Sources */,
				B68FFDA92BF902C4008E9B0B /* ContentView.swift in Sources */,
				B68FFDC82BF99E96008E9B0B /* InboxView.swift in Sources */,
				B68FFDD22BFA5CA8008E9B0B /* User.swift in Sources */,
				B68FFDC52BF9086E008E9B0B /* MainTabBarView.swift in Sources */,
				B68FFDD82BFB4D43008E9B0B /* InboxViewModel.swift in Sources */,
				B68FFDCD2BF9AABF008E9B0B /* InboxRowView.swift in Sources */,
				B68FFDA72BF902C4008E9B0B /* ChatAppSwiftUIApp.swift in Sources */,
			);
			runOnlyForDeploymentPostprocessing = 0;
		};
/* End PBXSourcesBuildPhase section */

/* Begin XCBuildConfiguration section */
		B68FFDAF2BF902C6008E9B0B /* Debug */ = {
			isa = XCBuildConfiguration;
			buildSettings = {
				ALWAYS_SEARCH_USER_PATHS = NO;
				ASSETCATALOG_COMPILER_GENERATE_SWIFT_ASSET_SYMBOL_EXTENSIONS = YES;
				CLANG_ANALYZER_NONNULL = YES;
				CLANG_ANALYZER_NUMBER_OBJECT_CONVERSION = YES_AGGRESSIVE;
				CLANG_CXX_LANGUAGE_STANDARD = "gnu++20";
				CLANG_ENABLE_MODULES = YES;
				CLANG_ENABLE_OBJC_ARC = YES;
				CLANG_ENABLE_OBJC_WEAK = YES;
				CLANG_WARN_BLOCK_CAPTURE_AUTORELEASING = YES;
				CLANG_WARN_BOOL_CONVERSION = YES;
				CLANG_WARN_COMMA = YES;
				CLANG_WARN_CONSTANT_CONVERSION = YES;
				CLANG_WARN_DEPRECATED_OBJC_IMPLEMENTATIONS = YES;
				CLANG_WARN_DIRECT_OBJC_ISA_USAGE = YES_ERROR;
				CLANG_WARN_DOCUMENTATION_COMMENTS = YES;
				CLANG_WARN_EMPTY_BODY = YES;
				CLANG_WARN_ENUM_CONVERSION = YES;
				CLANG_WARN_INFINITE_RECURSION = YES;
				CLANG_WARN_INT_CONVERSION = YES;
				CLANG_WARN_NON_LITERAL_NULL_CONVERSION = YES;
				CLANG_WARN_OBJC_IMPLICIT_RETAIN_SELF = YES;
				CLANG_WARN_OBJC_LITERAL_CONVERSION = YES;
				CLANG_WARN_OBJC_ROOT_CLASS = YES_ERROR;
				CLANG_WARN_QUOTED_INCLUDE_IN_FRAMEWORK_HEADER = YES;
				CLANG_WARN_RANGE_LOOP_ANALYSIS = YES;
				CLANG_WARN_STRICT_PROTOTYPES = YES;
				CLANG_WARN_SUSPICIOUS_MOVE = YES;
				CLANG_WARN_UNGUARDED_AVAILABILITY = YES_AGGRESSIVE;
				CLANG_WARN_UNREACHABLE_CODE = YES;
				CLANG_WARN__DUPLICATE_METHOD_MATCH = YES;
				COPY_PHASE_STRIP = NO;
				DEBUG_INFORMATION_FORMAT = dwarf;
				ENABLE_STRICT_OBJC_MSGSEND = YES;
				ENABLE_TESTABILITY = YES;
				ENABLE_USER_SCRIPT_SANDBOXING = YES;
				GCC_C_LANGUAGE_STANDARD = gnu17;
				GCC_DYNAMIC_NO_PIC = NO;
				GCC_NO_COMMON_BLOCKS = YES;
				GCC_OPTIMIZATION_LEVEL = 0;
				GCC_PREPROCESSOR_DEFINITIONS = (
					"DEBUG=1",
					"$(inherited)",
				);
				GCC_WARN_64_TO_32_BIT_CONVERSION = YES;
				GCC_WARN_ABOUT_RETURN_TYPE = YES_ERROR;
				GCC_WARN_UNDECLARED_SELECTOR = YES;
				GCC_WARN_UNINITIALIZED_AUTOS = YES_AGGRESSIVE;
				GCC_WARN_UNUSED_FUNCTION = YES;
				GCC_WARN_UNUSED_VARIABLE = YES;
				IPHONEOS_DEPLOYMENT_TARGET = 17.4;
				LOCALIZATION_PREFERS_STRING_CATALOGS = YES;
				MTL_ENABLE_DEBUG_INFO = INCLUDE_SOURCE;
				MTL_FAST_MATH = YES;
				ONLY_ACTIVE_ARCH = YES;
				SDKROOT = iphoneos;
				SWIFT_ACTIVE_COMPILATION_CONDITIONS = "DEBUG $(inherited)";
				SWIFT_OPTIMIZATION_LEVEL = "-Onone";
			};
			name = Debug;
		};
		B68FFDB02BF902C6008E9B0B /* Release */ = {
			isa = XCBuildConfiguration;
			buildSettings = {
				ALWAYS_SEARCH_USER_PATHS = NO;
				ASSETCATALOG_COMPILER_GENERATE_SWIFT_ASSET_SYMBOL_EXTENSIONS = YES;
				CLANG_ANALYZER_NONNULL = YES;
				CLANG_ANALYZER_NUMBER_OBJECT_CONVERSION = YES_AGGRESSIVE;
				CLANG_CXX_LANGUAGE_STANDARD = "gnu++20";
				CLANG_ENABLE_MODULES = YES;
				CLANG_ENABLE_OBJC_ARC = YES;
				CLANG_ENABLE_OBJC_WEAK = YES;
				CLANG_WARN_BLOCK_CAPTURE_AUTORELEASING = YES;
				CLANG_WARN_BOOL_CONVERSION = YES;
				CLANG_WARN_COMMA = YES;
				CLANG_WARN_CONSTANT_CONVERSION = YES;
				CLANG_WARN_DEPRECATED_OBJC_IMPLEMENTATIONS = YES;
				CLANG_WARN_DIRECT_OBJC_ISA_USAGE = YES_ERROR;
				CLANG_WARN_DOCUMENTATION_COMMENTS = YES;
				CLANG_WARN_EMPTY_BODY = YES;
				CLANG_WARN_ENUM_CONVERSION = YES;
				CLANG_WARN_INFINITE_RECURSION = YES;
				CLANG_WARN_INT_CONVERSION = YES;
				CLANG_WARN_NON_LITERAL_NULL_CONVERSION = YES;
				CLANG_WARN_OBJC_IMPLICIT_RETAIN_SELF = YES;
				CLANG_WARN_OBJC_LITERAL_CONVERSION = YES;
				CLANG_WARN_OBJC_ROOT_CLASS = YES_ERROR;
				CLANG_WARN_QUOTED_INCLUDE_IN_FRAMEWORK_HEADER = YES;
				CLANG_WARN_RANGE_LOOP_ANALYSIS = YES;
				CLANG_WARN_STRICT_PROTOTYPES = YES;
				CLANG_WARN_SUSPICIOUS_MOVE = YES;
				CLANG_WARN_UNGUARDED_AVAILABILITY = YES_AGGRESSIVE;
				CLANG_WARN_UNREACHABLE_CODE = YES;
				CLANG_WARN__DUPLICATE_METHOD_MATCH = YES;
				COPY_PHASE_STRIP = NO;
				DEBUG_INFORMATION_FORMAT = "dwarf-with-dsym";
				ENABLE_NS_ASSERTIONS = NO;
				ENABLE_STRICT_OBJC_MSGSEND = YES;
				ENABLE_USER_SCRIPT_SANDBOXING = YES;
				GCC_C_LANGUAGE_STANDARD = gnu17;
				GCC_NO_COMMON_BLOCKS = YES;
				GCC_WARN_64_TO_32_BIT_CONVERSION = YES;
				GCC_WARN_ABOUT_RETURN_TYPE = YES_ERROR;
				GCC_WARN_UNDECLARED_SELECTOR = YES;
				GCC_WARN_UNINITIALIZED_AUTOS = YES_AGGRESSIVE;
				GCC_WARN_UNUSED_FUNCTION = YES;
				GCC_WARN_UNUSED_VARIABLE = YES;
				IPHONEOS_DEPLOYMENT_TARGET = 17.4;
				LOCALIZATION_PREFERS_STRING_CATALOGS = YES;
				MTL_ENABLE_DEBUG_INFO = NO;
				MTL_FAST_MATH = YES;
				SDKROOT = iphoneos;
				SWIFT_COMPILATION_MODE = wholemodule;
				VALIDATE_PRODUCT = YES;
			};
			name = Release;
		};
		B68FFDB22BF902C6008E9B0B /* Debug */ = {
			isa = XCBuildConfiguration;
			buildSettings = {
				ASSETCATALOG_COMPILER_APPICON_NAME = AppIcon;
				ASSETCATALOG_COMPILER_GLOBAL_ACCENT_COLOR_NAME = AccentColor;
				CODE_SIGN_STYLE = Automatic;
				CURRENT_PROJECT_VERSION = 1;
				DEVELOPMENT_ASSET_PATHS = "\"ChatAppSwiftUI/Preview Content\"";
				DEVELOPMENT_TEAM = Q3N2RW74Q6;
				ENABLE_PREVIEWS = YES;
				GENERATE_INFOPLIST_FILE = YES;
				INFOPLIST_KEY_UIApplicationSceneManifest_Generation = YES;
				INFOPLIST_KEY_UIApplicationSupportsIndirectInputEvents = YES;
				INFOPLIST_KEY_UILaunchScreen_Generation = YES;
				INFOPLIST_KEY_UISupportedInterfaceOrientations_iPad = "UIInterfaceOrientationPortrait UIInterfaceOrientationPortraitUpsideDown UIInterfaceOrientationLandscapeLeft UIInterfaceOrientationLandscapeRight";
				INFOPLIST_KEY_UISupportedInterfaceOrientations_iPhone = "UIInterfaceOrientationPortrait UIInterfaceOrientationLandscapeLeft UIInterfaceOrientationLandscapeRight";
				LD_RUNPATH_SEARCH_PATHS = (
					"$(inherited)",
					"@executable_path/Frameworks",
				);
				MARKETING_VERSION = 1.0;
				PRODUCT_BUNDLE_IDENTIFIER = nhuphan.ChatAppSwiftUI;
				PRODUCT_NAME = "$(TARGET_NAME)";
				SWIFT_EMIT_LOC_STRINGS = YES;
				SWIFT_VERSION = 5.0;
				TARGETED_DEVICE_FAMILY = "1,2";
			};
			name = Debug;
		};
		B68FFDB32BF902C6008E9B0B /* Release */ = {
			isa = XCBuildConfiguration;
			buildSettings = {
				ASSETCATALOG_COMPILER_APPICON_NAME = AppIcon;
				ASSETCATALOG_COMPILER_GLOBAL_ACCENT_COLOR_NAME = AccentColor;
				CODE_SIGN_STYLE = Automatic;
				CURRENT_PROJECT_VERSION = 1;
				DEVELOPMENT_ASSET_PATHS = "\"ChatAppSwiftUI/Preview Content\"";
				DEVELOPMENT_TEAM = Q3N2RW74Q6;
				ENABLE_PREVIEWS = YES;
				GENERATE_INFOPLIST_FILE = YES;
				INFOPLIST_KEY_UIApplicationSceneManifest_Generation = YES;
				INFOPLIST_KEY_UIApplicationSupportsIndirectInputEvents = YES;
				INFOPLIST_KEY_UILaunchScreen_Generation = YES;
				INFOPLIST_KEY_UISupportedInterfaceOrientations_iPad = "UIInterfaceOrientationPortrait UIInterfaceOrientationPortraitUpsideDown UIInterfaceOrientationLandscapeLeft UIInterfaceOrientationLandscapeRight";
				INFOPLIST_KEY_UISupportedInterfaceOrientations_iPhone = "UIInterfaceOrientationPortrait UIInterfaceOrientationLandscapeLeft UIInterfaceOrientationLandscapeRight";
				LD_RUNPATH_SEARCH_PATHS = (
					"$(inherited)",
					"@executable_path/Frameworks",
				);
				MARKETING_VERSION = 1.0;
				PRODUCT_BUNDLE_IDENTIFIER = nhuphan.ChatAppSwiftUI;
				PRODUCT_NAME = "$(TARGET_NAME)";
				SWIFT_EMIT_LOC_STRINGS = YES;
				SWIFT_VERSION = 5.0;
				TARGETED_DEVICE_FAMILY = "1,2";
			};
			name = Release;
		};
/* End XCBuildConfiguration section */

/* Begin XCConfigurationList section */
		B68FFD9E2BF902C4008E9B0B /* Build configuration list for PBXProject "ChatAppSwiftUI" */ = {
			isa = XCConfigurationList;
			buildConfigurations = (
				B68FFDAF2BF902C6008E9B0B /* Debug */,
				B68FFDB02BF902C6008E9B0B /* Release */,
			);
			defaultConfigurationIsVisible = 0;
			defaultConfigurationName = Release;
		};
		B68FFDB12BF902C6008E9B0B /* Build configuration list for PBXNativeTarget "ChatAppSwiftUI" */ = {
			isa = XCConfigurationList;
			buildConfigurations = (
				B68FFDB22BF902C6008E9B0B /* Debug */,
				B68FFDB32BF902C6008E9B0B /* Release */,
			);
			defaultConfigurationIsVisible = 0;
			defaultConfigurationName = Release;
		};
/* End XCConfigurationList section */
	};
	rootObject = B68FFD9B2BF902C4008E9B0B /* Project object */;
}
